// !$*UTF8*$!
{
	archiveVersion = 1;
	classes = {
	};
	objectVersion = 46;
	objects = {

/* Begin PBXBuildFile section */
		B250D7D31CE9541400F4EC06 /* main.m in Sources */ = {isa = PBXBuildFile; fileRef = B250D7D21CE9541400F4EC06 /* main.m */; };
		B250D7D61CE9541400F4EC06 /* AppDelegate.m in Sources */ = {isa = PBXBuildFile; fileRef = B250D7D51CE9541400F4EC06 /* AppDelegate.m */; };
		B250D7D91CE9541400F4EC06 /* ViewController.m in Sources */ = {isa = PBXBuildFile; fileRef = B250D7D81CE9541400F4EC06 /* ViewController.m */; };
		B250D7DC1CE9541400F4EC06 /* Main.storyboard in Resources */ = {isa = PBXBuildFile; fileRef = B250D7DA1CE9541400F4EC06 /* Main.storyboard */; };
		B250D7DE1CE9541400F4EC06 /* Assets.xcassets in Resources */ = {isa = PBXBuildFile; fileRef = B250D7DD1CE9541400F4EC06 /* Assets.xcassets */; };
		B250D7E11CE9541400F4EC06 /* LaunchScreen.storyboard in Resources */ = {isa = PBXBuildFile; fileRef = B250D7DF1CE9541400F4EC06 /* LaunchScreen.storyboard */; };
		B250D7EC1CE9541400F4EC06 /* PFImagePickerControllerTests.m in Sources */ = {isa = PBXBuildFile; fileRef = B250D7EB1CE9541400F4EC06 /* PFImagePickerControllerTests.m */; };
		B250D7F71CE9541400F4EC06 /* PFImagePickerControllerUITests.m in Sources */ = {isa = PBXBuildFile; fileRef = B250D7F61CE9541400F4EC06 /* PFImagePickerControllerUITests.m */; };
/* End PBXBuildFile section */

/* Begin PBXContainerItemProxy section */
		B250D7E81CE9541400F4EC06 /* PBXContainerItemProxy */ = {
			isa = PBXContainerItemProxy;
			containerPortal = B250D7C61CE9541400F4EC06 /* Project object */;
			proxyType = 1;
			remoteGlobalIDString = B250D7CD1CE9541400F4EC06;
			remoteInfo = PFImagePickerController;
		};
		B250D7F31CE9541400F4EC06 /* PBXContainerItemProxy */ = {
			isa = PBXContainerItemProxy;
			containerPortal = B250D7C61CE9541400F4EC06 /* Project object */;
			proxyType = 1;
			remoteGlobalIDString = B250D7CD1CE9541400F4EC06;
			remoteInfo = PFImagePickerController;
		};
/* End PBXContainerItemProxy section */

/* Begin PBXFileReference section */
		B250D7CE1CE9541400F4EC06 /* PFImagePickerController.app */ = {isa = PBXFileReference; explicitFileType = wrapper.application; includeInIndex = 0; path = PFImagePickerController.app; sourceTree = BUILT_PRODUCTS_DIR; };
		B250D7D21CE9541400F4EC06 /* main.m */ = {isa = PBXFileReference; lastKnownFileType = sourcecode.c.objc; path = main.m; sourceTree = "<group>"; };
		B250D7D41CE9541400F4EC06 /* AppDelegate.h */ = {isa = PBXFileReference; lastKnownFileType = sourcecode.c.h; path = AppDelegate.h; sourceTree = "<group>"; };
		B250D7D51CE9541400F4EC06 /* AppDelegate.m */ = {isa = PBXFileReference; lastKnownFileType = sourcecode.c.objc; path = AppDelegate.m; sourceTree = "<group>"; };
		B250D7D71CE9541400F4EC06 /* ViewController.h */ = {isa = PBXFileReference; lastKnownFileType = sourcecode.c.h; path = ViewController.h; sourceTree = "<group>"; };
		B250D7D81CE9541400F4EC06 /* ViewController.m */ = {isa = PBXFileReference; lastKnownFileType = sourcecode.c.objc; path = ViewController.m; sourceTree = "<group>"; };
		B250D7DB1CE9541400F4EC06 /* Base */ = {isa = PBXFileReference; lastKnownFileType = file.storyboard; name = Base; path = Base.lproj/Main.storyboard; sourceTree = "<group>"; };
		B250D7DD1CE9541400F4EC06 /* Assets.xcassets */ = {isa = PBXFileReference; lastKnownFileType = folder.assetcatalog; path = Assets.xcassets; sourceTree = "<group>"; };
		B250D7E01CE9541400F4EC06 /* Base */ = {isa = PBXFileReference; lastKnownFileType = file.storyboard; name = Base; path = Base.lproj/LaunchScreen.storyboard; sourceTree = "<group>"; };
		B250D7E21CE9541400F4EC06 /* Info.plist */ = {isa = PBXFileReference; lastKnownFileType = text.plist.xml; path = Info.plist; sourceTree = "<group>"; };
		B250D7E71CE9541400F4EC06 /* PFImagePickerControllerTests.xctest */ = {isa = PBXFileReference; explicitFileType = wrapper.cfbundle; includeInIndex = 0; path = PFImagePickerControllerTests.xctest; sourceTree = BUILT_PRODUCTS_DIR; };
		B250D7EB1CE9541400F4EC06 /* PFImagePickerControllerTests.m */ = {isa = PBXFileReference; lastKnownFileType = sourcecode.c.objc; path = PFImagePickerControllerTests.m; sourceTree = "<group>"; };
		B250D7ED1CE9541400F4EC06 /* Info.plist */ = {isa = PBXFileReference; lastKnownFileType = text.plist.xml; path = Info.plist; sourceTree = "<group>"; };
		B250D7F21CE9541400F4EC06 /* PFImagePickerControllerUITests.xctest */ = {isa = PBXFileReference; explicitFileType = wrapper.cfbundle; includeInIndex = 0; path = PFImagePickerControllerUITests.xctest; sourceTree = BUILT_PRODUCTS_DIR; };
		B250D7F61CE9541400F4EC06 /* PFImagePickerControllerUITests.m */ = {isa = PBXFileReference; lastKnownFileType = sourcecode.c.objc; path = PFImagePickerControllerUITests.m; sourceTree = "<group>"; };
		B250D7F81CE9541400F4EC06 /* Info.plist */ = {isa = PBXFileReference; lastKnownFileType = text.plist.xml; path = Info.plist; sourceTree = "<group>"; };
/* End PBXFileReference section */

/* Begin PBXFrameworksBuildPhase section */
		B250D7CB1CE9541400F4EC06 /* Frameworks */ = {
			isa = PBXFrameworksBuildPhase;
			buildActionMask = 2147483647;
			files = (
			);
			runOnlyForDeploymentPostprocessing = 0;
		};
		B250D7E41CE9541400F4EC06 /* Frameworks */ = {
			isa = PBXFrameworksBuildPhase;
			buildActionMask = 2147483647;
			files = (
			);
			runOnlyForDeploymentPostprocessing = 0;
		};
		B250D7EF1CE9541400F4EC06 /* Frameworks */ = {
			isa = PBXFrameworksBuildPhase;
			buildActionMask = 2147483647;
			files = (
			);
			runOnlyForDeploymentPostprocessing = 0;
		};
/* End PBXFrameworksBuildPhase section */

/* Begin PBXGroup section */
		B250D7C51CE9541400F4EC06 = {
			isa = PBXGroup;
			children = (
				B250D7D01CE9541400F4EC06 /* PFImagePickerController */,
				B250D7EA1CE9541400F4EC06 /* PFImagePickerControllerTests */,
				B250D7F51CE9541400F4EC06 /* PFImagePickerControllerUITests */,
				B250D7CF1CE9541400F4EC06 /* Products */,
			);
			sourceTree = "<group>";
		};
		B250D7CF1CE9541400F4EC06 /* Products */ = {
			isa = PBXGroup;
			children = (
				B250D7CE1CE9541400F4EC06 /* PFImagePickerController.app */,
				B250D7E71CE9541400F4EC06 /* PFImagePickerControllerTests.xctest */,
				B250D7F21CE9541400F4EC06 /* PFImagePickerControllerUITests.xctest */,
			);
			name = Products;
			sourceTree = "<group>";
		};
		B250D7D01CE9541400F4EC06 /* PFImagePickerController */ = {
			isa = PBXGroup;
			children = (
				B250D7D41CE9541400F4EC06 /* AppDelegate.h */,
				B250D7D51CE9541400F4EC06 /* AppDelegate.m */,
				B250D7D71CE9541400F4EC06 /* ViewController.h */,
				B250D7D81CE9541400F4EC06 /* ViewController.m */,
				B250D7DA1CE9541400F4EC06 /* Main.storyboard */,
				B250D7DD1CE9541400F4EC06 /* Assets.xcassets */,
				B250D7DF1CE9541400F4EC06 /* LaunchScreen.storyboard */,
				B250D7E21CE9541400F4EC06 /* Info.plist */,
				B250D7D11CE9541400F4EC06 /* Supporting Files */,
			);
			path = PFImagePickerController;
			sourceTree = "<group>";
		};
		B250D7D11CE9541400F4EC06 /* Supporting Files */ = {
			isa = PBXGroup;
			children = (
				B250D7D21CE9541400F4EC06 /* main.m */,
			);
			name = "Supporting Files";
			sourceTree = "<group>";
		};
		B250D7EA1CE9541400F4EC06 /* PFImagePickerControllerTests */ = {
			isa = PBXGroup;
			children = (
				B250D7EB1CE9541400F4EC06 /* PFImagePickerControllerTests.m */,
				B250D7ED1CE9541400F4EC06 /* Info.plist */,
			);
			path = PFImagePickerControllerTests;
			sourceTree = "<group>";
		};
		B250D7F51CE9541400F4EC06 /* PFImagePickerControllerUITests */ = {
			isa = PBXGroup;
			children = (
				B250D7F61CE9541400F4EC06 /* PFImagePickerControllerUITests.m */,
				B250D7F81CE9541400F4EC06 /* Info.plist */,
			);
			path = PFImagePickerControllerUITests;
			sourceTree = "<group>";
		};
/* End PBXGroup section */

/* Begin PBXNativeTarget section */
		B250D7CD1CE9541400F4EC06 /* PFImagePickerController */ = {
			isa = PBXNativeTarget;
			buildConfigurationList = B250D7FB1CE9541400F4EC06 /* Build configuration list for PBXNativeTarget "PFImagePickerController" */;
			buildPhases = (
				B250D7CA1CE9541400F4EC06 /* Sources */,
				B250D7CB1CE9541400F4EC06 /* Frameworks */,
				B250D7CC1CE9541400F4EC06 /* Resources */,
			);
			buildRules = (
			);
			dependencies = (
			);
			name = PFImagePickerController;
			productName = PFImagePickerController;
			productReference = B250D7CE1CE9541400F4EC06 /* PFImagePickerController.app */;
			productType = "com.apple.product-type.application";
		};
		B250D7E61CE9541400F4EC06 /* PFImagePickerControllerTests */ = {
			isa = PBXNativeTarget;
			buildConfigurationList = B250D7FE1CE9541400F4EC06 /* Build configuration list for PBXNativeTarget "PFImagePickerControllerTests" */;
			buildPhases = (
				B250D7E31CE9541400F4EC06 /* Sources */,
				B250D7E41CE9541400F4EC06 /* Frameworks */,
				B250D7E51CE9541400F4EC06 /* Resources */,
			);
			buildRules = (
			);
			dependencies = (
				B250D7E91CE9541400F4EC06 /* PBXTargetDependency */,
			);
			name = PFImagePickerControllerTests;
			productName = PFImagePickerControllerTests;
			productReference = B250D7E71CE9541400F4EC06 /* PFImagePickerControllerTests.xctest */;
			productType = "com.apple.product-type.bundle.unit-test";
		};
		B250D7F11CE9541400F4EC06 /* PFImagePickerControllerUITests */ = {
			isa = PBXNativeTarget;
			buildConfigurationList = B250D8011CE9541400F4EC06 /* Build configuration list for PBXNativeTarget "PFImagePickerControllerUITests" */;
			buildPhases = (
				B250D7EE1CE9541400F4EC06 /* Sources */,
				B250D7EF1CE9541400F4EC06 /* Frameworks */,
				B250D7F01CE9541400F4EC06 /* Resources */,
			);
			buildRules = (
			);
			dependencies = (
				B250D7F41CE9541400F4EC06 /* PBXTargetDependency */,
			);
			name = PFImagePickerControllerUITests;
			productName = PFImagePickerControllerUITests;
			productReference = B250D7F21CE9541400F4EC06 /* PFImagePickerControllerUITests.xctest */;
			productType = "com.apple.product-type.bundle.ui-testing";
		};
/* End PBXNativeTarget section */

/* Begin PBXProject section */
		B250D7C61CE9541400F4EC06 /* Project object */ = {
			isa = PBXProject;
			attributes = {
				LastUpgradeCheck = 0720;
				ORGANIZATIONNAME = "软件开发部2";
				TargetAttributes = {
					B250D7CD1CE9541400F4EC06 = {
						CreatedOnToolsVersion = 7.2.1;
						DevelopmentTeam = G7R3Y58HQ5;
					};
					B250D7E61CE9541400F4EC06 = {
						CreatedOnToolsVersion = 7.2.1;
						DevelopmentTeam = G7R3Y58HQ5;
						TestTargetID = B250D7CD1CE9541400F4EC06;
					};
					B250D7F11CE9541400F4EC06 = {
						CreatedOnToolsVersion = 7.2.1;
						DevelopmentTeam = G7R3Y58HQ5;
						TestTargetID = B250D7CD1CE9541400F4EC06;
					};
				};
			};
			buildConfigurationList = B250D7C91CE9541400F4EC06 /* Build configuration list for PBXProject "PFImagePickerController" */;
			compatibilityVersion = "Xcode 3.2";
			developmentRegion = English;
			hasScannedForEncodings = 0;
			knownRegions = (
				en,
				Base,
			);
			mainGroup = B250D7C51CE9541400F4EC06;
			productRefGroup = B250D7CF1CE9541400F4EC06 /* Products */;
			projectDirPath = "";
			projectRoot = "";
			targets = (
				B250D7CD1CE9541400F4EC06 /* PFImagePickerController */,
				B250D7E61CE9541400F4EC06 /* PFImagePickerControllerTests */,
				B250D7F11CE9541400F4EC06 /* PFImagePickerControllerUITests */,
			);
		};
/* End PBXProject section */

/* Begin PBXResourcesBuildPhase section */
		B250D7CC1CE9541400F4EC06 /* Resources */ = {
			isa = PBXResourcesBuildPhase;
			buildActionMask = 2147483647;
			files = (
				B250D7E11CE9541400F4EC06 /* LaunchScreen.storyboard in Resources */,
				B250D7DE1CE9541400F4EC06 /* Assets.xcassets in Resources */,
				B250D7DC1CE9541400F4EC06 /* Main.storyboard in Resources */,
			);
			runOnlyForDeploymentPostprocessing = 0;
		};
		B250D7E51CE9541400F4EC06 /* Resources */ = {
			isa = PBXResourcesBuildPhase;
			buildActionMask = 2147483647;
			files = (
			);
			runOnlyForDeploymentPostprocessing = 0;
		};
		B250D7F01CE9541400F4EC06 /* Resources */ = {
			isa = PBXResourcesBuildPhase;
			buildActionMask = 2147483647;
			files = (
			);
			runOnlyForDeploymentPostprocessing = 0;
		};
/* End PBXResourcesBuildPhase section */

/* Begin PBXSourcesBuildPhase section */
		B250D7CA1CE9541400F4EC06 /* Sources */ = {
			isa = PBXSourcesBuildPhase;
			buildActionMask = 2147483647;
			files = (
				B250D7D91CE9541400F4EC06 /* ViewController.m in Sources */,
				B250D7D61CE9541400F4EC06 /* AppDelegate.m in Sources */,
				B250D7D31CE9541400F4EC06 /* main.m in Sources */,
			);
			runOnlyForDeploymentPostprocessing = 0;
		};
		B250D7E31CE9541400F4EC06 /* Sources */ = {
			isa = PBXSourcesBuildPhase;
			buildActionMask = 2147483647;
			files = (
				B250D7EC1CE9541400F4EC06 /* PFImagePickerControllerTests.m in Sources */,
			);
			runOnlyForDeploymentPostprocessing = 0;
		};
		B250D7EE1CE9541400F4EC06 /* Sources */ = {
			isa = PBXSourcesBuildPhase;
			buildActionMask = 2147483647;
			files = (
				B250D7F71CE9541400F4EC06 /* PFImagePickerControllerUITests.m in Sources */,
			);
			runOnlyForDeploymentPostprocessing = 0;
		};
/* End PBXSourcesBuildPhase section */

/* Begin PBXTargetDependency section */
		B250D7E91CE9541400F4EC06 /* PBXTargetDependency */ = {
			isa = PBXTargetDependency;
			target = B250D7CD1CE9541400F4EC06 /* PFImagePickerController */;
			targetProxy = B250D7E81CE9541400F4EC06 /* PBXContainerItemProxy */;
		};
		B250D7F41CE9541400F4EC06 /* PBXTargetDependency */ = {
			isa = PBXTargetDependency;
			target = B250D7CD1CE9541400F4EC06 /* PFImagePickerController */;
			targetProxy = B250D7F31CE9541400F4EC06 /* PBXContainerItemProxy */;
		};
/* End PBXTargetDependency section */

/* Begin PBXVariantGroup section */
		B250D7DA1CE9541400F4EC06 /* Main.storyboard */ = {
			isa = PBXVariantGroup;
			children = (
				B250D7DB1CE9541400F4EC06 /* Base */,
			);
			name = Main.storyboard;
			sourceTree = "<group>";
		};
		B250D7DF1CE9541400F4EC06 /* LaunchScreen.storyboard */ = {
			isa = PBXVariantGroup;
			children = (
				B250D7E01CE9541400F4EC06 /* Base */,
			);
			name = LaunchScreen.storyboard;
			sourceTree = "<group>";
		};
/* End PBXVariantGroup section */

/* Begin XCBuildConfiguration section */
		B250D7F91CE9541400F4EC06 /* Debug */ = {
			isa = XCBuildConfiguration;
			buildSettings = {
				ALWAYS_SEARCH_USER_PATHS = NO;
				CLANG_CXX_LANGUAGE_STANDARD = "gnu++0x";
				CLANG_CXX_LIBRARY = "libc++";
				CLANG_ENABLE_MODULES = YES;
				CLANG_ENABLE_OBJC_ARC = YES;
				CLANG_WARN_BOOL_CONVERSION = YES;
				CLANG_WARN_CONSTANT_CONVERSION = YES;
				CLANG_WARN_DIRECT_OBJC_ISA_USAGE = YES_ERROR;
				CLANG_WARN_EMPTY_BODY = YES;
				CLANG_WARN_ENUM_CONVERSION = YES;
				CLANG_WARN_INT_CONVERSION = YES;
				CLANG_WARN_OBJC_ROOT_CLASS = YES_ERROR;
				CLANG_WARN_UNREACHABLE_CODE = YES;
				CLANG_WARN__DUPLICATE_METHOD_MATCH = YES;
				"CODE_SIGN_IDENTITY[sdk=iphoneos*]" = "iPhone Developer";
				COPY_PHASE_STRIP = NO;
				DEBUG_INFORMATION_FORMAT = dwarf;
				ENABLE_STRICT_OBJC_MSGSEND = YES;
				ENABLE_TESTABILITY = YES;
				GCC_C_LANGUAGE_STANDARD = gnu99;
				GCC_DYNAMIC_NO_PIC = NO;
				GCC_NO_COMMON_BLOCKS = YES;
				GCC_OPTIMIZATION_LEVEL = 0;
				GCC_PREPROCESSOR_DEFINITIONS = (
					"DEBUG=1",
					"$(inherited)",
				);
				GCC_WARN_64_TO_32_BIT_CONVERSION = YES;
				GCC_WARN_ABOUT_RETURN_TYPE = YES_ERROR;
				GCC_WARN_UNDECLARED_SELECTOR = YES;
				GCC_WARN_UNINITIALIZED_AUTOS = YES_AGGRESSIVE;
				GCC_WARN_UNUSED_FUNCTION = YES;
				GCC_WARN_UNUSED_VARIABLE = YES;
				IPHONEOS_DEPLOYMENT_TARGET = 9.2;
				MTL_ENABLE_DEBUG_INFO = YES;
				ONLY_ACTIVE_ARCH = YES;
				SDKROOT = iphoneos;
				TARGETED_DEVICE_FAMILY = "1,2";
			};
			name = Debug;
		};
		B250D7FA1CE9541400F4EC06 /* Release */ = {
			isa = XCBuildConfiguration;
			buildSettings = {
				ALWAYS_SEARCH_USER_PATHS = NO;
				CLANG_CXX_LANGUAGE_STANDARD = "gnu++0x";
				CLANG_CXX_LIBRARY = "libc++";
				CLANG_ENABLE_MODULES = YES;
				CLANG_ENABLE_OBJC_ARC = YES;
				CLANG_WARN_BOOL_CONVERSION = YES;
				CLANG_WARN_CONSTANT_CONVERSION = YES;
				CLANG_WARN_DIRECT_OBJC_ISA_USAGE = YES_ERROR;
				CLANG_WARN_EMPTY_BODY = YES;
				CLANG_WARN_ENUM_CONVERSION = YES;
				CLANG_WARN_INT_CONVERSION = YES;
				CLANG_WARN_OBJC_ROOT_CLASS = YES_ERROR;
				CLANG_WARN_UNREACHABLE_CODE = YES;
				CLANG_WARN__DUPLICATE_METHOD_MATCH = YES;
				"CODE_SIGN_IDENTITY[sdk=iphoneos*]" = "iPhone Developer";
				COPY_PHASE_STRIP = NO;
				DEBUG_INFORMATION_FORMAT = "dwarf-with-dsym";
				ENABLE_NS_ASSERTIONS = NO;
				ENABLE_STRICT_OBJC_MSGSEND = YES;
				GCC_C_LANGUAGE_STANDARD = gnu99;
				GCC_NO_COMMON_BLOCKS = YES;
				GCC_WARN_64_TO_32_BIT_CONVERSION = YES;
				GCC_WARN_ABOUT_RETURN_TYPE = YES_ERROR;
				GCC_WARN_UNDECLARED_SELECTOR = YES;
				GCC_WARN_UNINITIALIZED_AUTOS = YES_AGGRESSIVE;
				GCC_WARN_UNUSED_FUNCTION = YES;
				GCC_WARN_UNUSED_VARIABLE = YES;
				IPHONEOS_DEPLOYMENT_TARGET = 9.2;
				MTL_ENABLE_DEBUG_INFO = NO;
				SDKROOT = iphoneos;
				TARGETED_DEVICE_FAMILY = "1,2";
				VALIDATE_PRODUCT = YES;
			};
			name = Release;
		};
		B250D7FC1CE9541400F4EC06 /* Debug */ = {
			isa = XCBuildConfiguration;
			buildSettings = {
				ASSETCATALOG_COMPILER_APPICON_NAME = AppIcon;
				INFOPLIST_FILE = PFImagePickerController/Info.plist;
				LD_RUNPATH_SEARCH_PATHS = "$(inherited) @executable_path/Frameworks";
				PRODUCT_BUNDLE_IDENTIFIER = gxej.PFImagePickerController;
				PRODUCT_NAME = "$(TARGET_NAME)";
			};
			name = Debug;
		};
		B250D7FD1CE9541400F4EC06 /* Release */ = {
			isa = XCBuildConfiguration;
			buildSettings = {
				ASSETCATALOG_COMPILER_APPICON_NAME = AppIcon;
				INFOPLIST_FILE = PFImagePickerController/Info.plist;
				LD_RUNPATH_SEARCH_PATHS = "$(inherited) @executable_path/Frameworks";
				PRODUCT_BUNDLE_IDENTIFIER = gxej.PFImagePickerController;
				PRODUCT_NAME = "$(TARGET_NAME)";
			};
			name = Release;
		};
		B250D7FF1CE9541400F4EC06 /* Debug */ = {
			isa = XCBuildConfiguration;
			buildSettings = {
				BUNDLE_LOADER = "$(TEST_HOST)";
				INFOPLIST_FILE = PFImagePickerControllerTests/Info.plist;
				LD_RUNPATH_SEARCH_PATHS = "$(inherited) @executable_path/Frameworks @loader_path/Frameworks";
				PRODUCT_BUNDLE_IDENTIFIER = gxej.PFImagePickerControllerTests;
				PRODUCT_NAME = "$(TARGET_NAME)";
				TEST_HOST = "$(BUILT_PRODUCTS_DIR)/PFImagePickerController.app/PFImagePickerController";
			};
			name = Debug;
		};
		B250D8001CE9541400F4EC06 /* Release */ = {
			isa = XCBuildConfiguration;
			buildSettings = {
				BUNDLE_LOADER = "$(TEST_HOST)";
				INFOPLIST_FILE = PFImagePickerControllerTests/Info.plist;
				LD_RUNPATH_SEARCH_PATHS = "$(inherited) @executable_path/Frameworks @loader_path/Frameworks";
				PRODUCT_BUNDLE_IDENTIFIER = gxej.PFImagePickerControllerTests;
				PRODUCT_NAME = "$(TARGET_NAME)";
				TEST_HOST = "$(BUILT_PRODUCTS_DIR)/PFImagePickerController.app/PFImagePickerController";
			};
			name = Release;
		};
		B250D8021CE9541400F4EC06 /* Debug */ = {
			isa = XCBuildConfiguration;
			buildSettings = {
				INFOPLIST_FILE = PFImagePickerControllerUITests/Info.plist;
				LD_RUNPATH_SEARCH_PATHS = "$(inherited) @executable_path/Frameworks @loader_path/Frameworks";
				PRODUCT_BUNDLE_IDENTIFIER = gxej.PFImagePickerControllerUITests;
				PRODUCT_NAME = "$(TARGET_NAME)";
				TEST_TARGET_NAME = PFImagePickerController;
				USES_XCTRUNNER = YES;
			};
			name = Debug;
		};
		B250D8031CE9541400F4EC06 /* Release */ = {
			isa = XCBuildConfiguration;
			buildSettings = {
				INFOPLIST_FILE = PFImagePickerControllerUITests/Info.plist;
				LD_RUNPATH_SEARCH_PATHS = "$(inherited) @executable_path/Frameworks @loader_path/Frameworks";
				PRODUCT_BUNDLE_IDENTIFIER = gxej.PFImagePickerControllerUITests;
				PRODUCT_NAME = "$(TARGET_NAME)";
				TEST_TARGET_NAME = PFImagePickerController;
				USES_XCTRUNNER = YES;
			};
			name = Release;
		};
/* End XCBuildConfiguration section */

/* Begin XCConfigurationList section */
		B250D7C91CE9541400F4EC06 /* Build configuration list for PBXProject "PFImagePickerController" */ = {
			isa = XCConfigurationList;
			buildConfigurations = (
				B250D7F91CE9541400F4EC06 /* Debug */,
				B250D7FA1CE9541400F4EC06 /* Release */,
			);
			defaultConfigurationIsVisible = 0;
			defaultConfigurationName = Release;
		};
		B250D7FB1CE9541400F4EC06 /* Build configuration list for PBXNativeTarget "PFImagePickerController" */ = {
			isa = XCConfigurationList;
			buildConfigurations = (
				B250D7FC1CE9541400F4EC06 /* Debug */,
				B250D7FD1CE9541400F4EC06 /* Release */,
			);
			defaultConfigurationIsVisible = 0;
		};
		B250D7FE1CE9541400F4EC06 /* Build configuration list for PBXNativeTarget "PFImagePickerControllerTests" */ = {
			isa = XCConfigurationList;
			buildConfigurations = (
				B250D7FF1CE9541400F4EC06 /* Debug */,
				B250D8001CE9541400F4EC06 /* Release */,
			);
			defaultConfigurationIsVisible = 0;
		};
		B250D8011CE9541400F4EC06 /* Build configuration list for PBXNativeTarget "PFImagePickerControllerUITests" */ = {
			isa = XCConfigurationList;
			buildConfigurations = (
				B250D8021CE9541400F4EC06 /* Debug */,
				B250D8031CE9541400F4EC06 /* Release */,
			);
			defaultConfigurationIsVisible = 0;
		};
/* End XCConfigurationList section */
	};
	rootObject = B250D7C61CE9541400F4EC06 /* Project object */;
}
