// !$*UTF8*$!
{
	archiveVersion = 1;
	classes = {
	};
	objectVersion = 46;
	objects = {

/* Begin PBXBuildFile section */
		ABC262B51F0E69C300F4E538 /* ShowImageCell.m in Sources */ = {isa = PBXBuildFile; fileRef = ABC262B41F0E69C300F4E538 /* ShowImageCell.m */; };
		B226E8C21CEF04F700C82B39 /* PFMovieController.m in Sources */ = {isa = PBXBuildFile; fileRef = B226E8C01CEF04F700C82B39 /* PFMovieController.m */; };
		B226E8C31CEF04F700C82B39 /* PFMovieController.xib in Resources */ = {isa = PBXBuildFile; fileRef = B226E8C11CEF04F700C82B39 /* PFMovieController.xib */; };
		B230DCB51F29BCEA0003AC16 /* PFInputView.m in Sources */ = {isa = PBXBuildFile; fileRef = B230DCB41F29BCEA0003AC16 /* PFInputView.m */; };
		B235B08C1F2B22EE00FAFB8E /* PFIndicatorView.m in Sources */ = {isa = PBXBuildFile; fileRef = B235B08B1F2B22EE00FAFB8E /* PFIndicatorView.m */; };
		B250D7D31CE9541400F4EC06 /* main.m in Sources */ = {isa = PBXBuildFile; fileRef = B250D7D21CE9541400F4EC06 /* main.m */; };
		B250D7D61CE9541400F4EC06 /* AppDelegate.m in Sources */ = {isa = PBXBuildFile; fileRef = B250D7D51CE9541400F4EC06 /* AppDelegate.m */; };
		B250D7D91CE9541400F4EC06 /* ViewController.m in Sources */ = {isa = PBXBuildFile; fileRef = B250D7D81CE9541400F4EC06 /* ViewController.m */; };
		B250D7DC1CE9541400F4EC06 /* Main.storyboard in Resources */ = {isa = PBXBuildFile; fileRef = B250D7DA1CE9541400F4EC06 /* Main.storyboard */; };
		B250D7DE1CE9541400F4EC06 /* Assets.xcassets in Resources */ = {isa = PBXBuildFile; fileRef = B250D7DD1CE9541400F4EC06 /* Assets.xcassets */; };
		B250D7E11CE9541400F4EC06 /* LaunchScreen.storyboard in Resources */ = {isa = PBXBuildFile; fileRef = B250D7DF1CE9541400F4EC06 /* LaunchScreen.storyboard */; };
		B250D7EC1CE9541400F4EC06 /* PFImagePickerControllerTests.m in Sources */ = {isa = PBXBuildFile; fileRef = B250D7EB1CE9541400F4EC06 /* PFImagePickerControllerTests.m */; };
		B250D7F71CE9541400F4EC06 /* PFImagePickerControllerUITests.m in Sources */ = {isa = PBXBuildFile; fileRef = B250D7F61CE9541400F4EC06 /* PFImagePickerControllerUITests.m */; };
		B250D8631CE9781700F4EC06 /* PFAlbumsController.m in Sources */ = {isa = PBXBuildFile; fileRef = B250D85E1CE9781700F4EC06 /* PFAlbumsController.m */; };
		B250D8641CE9781700F4EC06 /* PFAlbumsController.xib in Resources */ = {isa = PBXBuildFile; fileRef = B250D85F1CE9781700F4EC06 /* PFAlbumsController.xib */; };
		B250D8651CE9781700F4EC06 /* PFImagePickerController.m in Sources */ = {isa = PBXBuildFile; fileRef = B250D8611CE9781700F4EC06 /* PFImagePickerController.m */; };
		B250D8661CE9781700F4EC06 /* PFImagePickerController.xib in Resources */ = {isa = PBXBuildFile; fileRef = B250D8621CE9781700F4EC06 /* PFImagePickerController.xib */; };
		B250D86C1CE9787E00F4EC06 /* PFImagePickerTool.m in Sources */ = {isa = PBXBuildFile; fileRef = B250D86B1CE9787E00F4EC06 /* PFImagePickerTool.m */; };
		B250D8701CE978A000F4EC06 /* AlbumsCell.m in Sources */ = {isa = PBXBuildFile; fileRef = B250D86E1CE978A000F4EC06 /* AlbumsCell.m */; };
		B250D8711CE978A000F4EC06 /* AlbumsCell.xib in Resources */ = {isa = PBXBuildFile; fileRef = B250D86F1CE978A000F4EC06 /* AlbumsCell.xib */; };
		B250D8751CE9B42300F4EC06 /* PFAssetsController.m in Sources */ = {isa = PBXBuildFile; fileRef = B250D8731CE9B42300F4EC06 /* PFAssetsController.m */; };
		B250D8761CE9B42300F4EC06 /* PFAssetsController.xib in Resources */ = {isa = PBXBuildFile; fileRef = B250D8741CE9B42300F4EC06 /* PFAssetsController.xib */; };
		B258B3E41F1CA455003C6C55 /* UICustomRecognizer.m in Sources */ = {isa = PBXBuildFile; fileRef = B258B3E31F1CA455003C6C55 /* UICustomRecognizer.m */; };
		B265C4881F288AC0003DF480 /* PFFilterView.m in Sources */ = {isa = PBXBuildFile; fileRef = B265C4871F288AC0003DF480 /* PFFilterView.m */; };
		B265C4911F289510003DF480 /* PFFilterCell.m in Sources */ = {isa = PBXBuildFile; fileRef = B265C48E1F289510003DF480 /* PFFilterCell.m */; };
		B265C4921F289510003DF480 /* PFFilterCell.xib in Resources */ = {isa = PBXBuildFile; fileRef = B265C4901F289510003DF480 /* PFFilterCell.xib */; };
		B26FBD001F0F1F18001FF05E /* ShowImageCell.xib in Resources */ = {isa = PBXBuildFile; fileRef = B26FBCFF1F0F1F18001FF05E /* ShowImageCell.xib */; };
		B26FBD131F0F64ED001FF05E /* back.png in Resources */ = {isa = PBXBuildFile; fileRef = B26FBD021F0F64ED001FF05E /* back.png */; };
		B26FBD141F0F64ED001FF05E /* big_placeholder.png in Resources */ = {isa = PBXBuildFile; fileRef = B26FBD031F0F64ED001FF05E /* big_placeholder.png */; };
		B26FBD151F0F64ED001FF05E /* blur.png in Resources */ = {isa = PBXBuildFile; fileRef = B26FBD041F0F64ED001FF05E /* blur.png */; };
		B26FBD161F0F64ED001FF05E /* cancel.png in Resources */ = {isa = PBXBuildFile; fileRef = B26FBD051F0F64ED001FF05E /* cancel.png */; };
		B26FBD171F0F64ED001FF05E /* circle.png in Resources */ = {isa = PBXBuildFile; fileRef = B26FBD061F0F64ED001FF05E /* circle.png */; };
		B26FBD181F0F64ED001FF05E /* circle_selected.png in Resources */ = {isa = PBXBuildFile; fileRef = B26FBD071F0F64ED001FF05E /* circle_selected.png */; };
		B26FBD191F0F64ED001FF05E /* edit.png in Resources */ = {isa = PBXBuildFile; fileRef = B26FBD081F0F64ED001FF05E /* edit.png */; };
		B26FBD1A1F0F64ED001FF05E /* edit_selected.png in Resources */ = {isa = PBXBuildFile; fileRef = B26FBD091F0F64ED001FF05E /* edit_selected.png */; };
		B26FBD1B1F0F64ED001FF05E /* filter.png in Resources */ = {isa = PBXBuildFile; fileRef = B26FBD0A1F0F64ED001FF05E /* filter.png */; };
		B26FBD1C1F0F64ED001FF05E /* font.png in Resources */ = {isa = PBXBuildFile; fileRef = B26FBD0B1F0F64ED001FF05E /* font.png */; };
		B26FBD1D1F0F64ED001FF05E /* media.png in Resources */ = {isa = PBXBuildFile; fileRef = B26FBD0C1F0F64ED001FF05E /* media.png */; };
		B26FBD1E1F0F64ED001FF05E /* placeholder.png in Resources */ = {isa = PBXBuildFile; fileRef = B26FBD0D1F0F64ED001FF05E /* placeholder.png */; };
		B26FBD1F1F0F64ED001FF05E /* rotate.png in Resources */ = {isa = PBXBuildFile; fileRef = B26FBD0E1F0F64ED001FF05E /* rotate.png */; };
		B26FBD201F0F64ED001FF05E /* save.png in Resources */ = {isa = PBXBuildFile; fileRef = B26FBD0F1F0F64ED001FF05E /* save.png */; };
		B26FBD211F0F64ED001FF05E /* selected.png in Resources */ = {isa = PBXBuildFile; fileRef = B26FBD101F0F64ED001FF05E /* selected.png */; };
		B26FBD221F0F64ED001FF05E /* shadow.png in Resources */ = {isa = PBXBuildFile; fileRef = B26FBD111F0F64ED001FF05E /* shadow.png */; };
		B26FBD231F0F64ED001FF05E /* unselected.png in Resources */ = {isa = PBXBuildFile; fileRef = B26FBD121F0F64ED001FF05E /* unselected.png */; };
		B27FA5021F13505F000D3DCB /* PFClipAndRotateController.m in Sources */ = {isa = PBXBuildFile; fileRef = B27FA5011F13505F000D3DCB /* PFClipAndRotateController.m */; };
		B27FA5051F1351FE000D3DCB /* PFRotateAndClipView.m in Sources */ = {isa = PBXBuildFile; fileRef = B27FA5041F1351FE000D3DCB /* PFRotateAndClipView.m */; };
		B27FA5071F1352EA000D3DCB /* PFRotateAndClipView.xib in Resources */ = {isa = PBXBuildFile; fileRef = B27FA5061F1352EA000D3DCB /* PFRotateAndClipView.xib */; };
		B27FA53B1F136085000D3DCB /* PFOverlay.m in Sources */ = {isa = PBXBuildFile; fileRef = B27FA53A1F136085000D3DCB /* PFOverlay.m */; };
		B27FBF031F209B5000797904 /* PFColorSelectionBar.m in Sources */ = {isa = PBXBuildFile; fileRef = B27FBF021F209B5000797904 /* PFColorSelectionBar.m */; };
		B27FBF071F209E7600797904 /* PFColorCell.m in Sources */ = {isa = PBXBuildFile; fileRef = B27FBF051F209E7600797904 /* PFColorCell.m */; };
		B27FBF081F209E7600797904 /* PFColorCell.xib in Resources */ = {isa = PBXBuildFile; fileRef = B27FBF061F209E7600797904 /* PFColorCell.xib */; };
		B28130391F1D9E0A003CFBE1 /* PFClipAndRotateController.xib in Resources */ = {isa = PBXBuildFile; fileRef = B28130381F1D9E0A003CFBE1 /* PFClipAndRotateController.xib */; };
		B28846991F0E326800684DC7 /* PFShowImageController.m in Sources */ = {isa = PBXBuildFile; fileRef = B28846971F0E326800684DC7 /* PFShowImageController.m */; };
		B288469A1F0E326800684DC7 /* PFShowImageController.xib in Resources */ = {isa = PBXBuildFile; fileRef = B28846981F0E326800684DC7 /* PFShowImageController.xib */; };
		B28C5B131EE0005E006D8A1D /* AssetModel.m in Sources */ = {isa = PBXBuildFile; fileRef = B28C5B121EE0005E006D8A1D /* AssetModel.m */; };
		B2AAE2E01F218FFF00B4F5B5 /* PFPaintView.m in Sources */ = {isa = PBXBuildFile; fileRef = B2AAE2DF1F218FFF00B4F5B5 /* PFPaintView.m */; };
		B2AAE31C1F21F17700B4F5B5 /* PFFilterTool.m in Sources */ = {isa = PBXBuildFile; fileRef = B2AAE31B1F21F17700B4F5B5 /* PFFilterTool.m */; };
		B2AAE3481F21F72300B4F5B5 /* PFFilterOperation.m in Sources */ = {isa = PBXBuildFile; fileRef = B2AAE3471F21F72300B4F5B5 /* PFFilterOperation.m */; };
		B2DB16191CE9BA6A0088E80A /* AssetCell.m in Sources */ = {isa = PBXBuildFile; fileRef = B2DB16171CE9BA6A0088E80A /* AssetCell.m */; };
		B2DB161A1CE9BA6A0088E80A /* AssetCell.xib in Resources */ = {isa = PBXBuildFile; fileRef = B2DB16181CE9BA6A0088E80A /* AssetCell.xib */; };
/* End PBXBuildFile section */

/* Begin PBXContainerItemProxy section */
		B250D7E81CE9541400F4EC06 /* PBXContainerItemProxy */ = {
			isa = PBXContainerItemProxy;
			containerPortal = B250D7C61CE9541400F4EC06 /* Project object */;
			proxyType = 1;
			remoteGlobalIDString = B250D7CD1CE9541400F4EC06;
			remoteInfo = PFImagePickerController;
		};
		B250D7F31CE9541400F4EC06 /* PBXContainerItemProxy */ = {
			isa = PBXContainerItemProxy;
			containerPortal = B250D7C61CE9541400F4EC06 /* Project object */;
			proxyType = 1;
			remoteGlobalIDString = B250D7CD1CE9541400F4EC06;
			remoteInfo = PFImagePickerController;
		};
/* End PBXContainerItemProxy section */

/* Begin PBXFileReference section */
		ABC262B31F0E69C300F4E538 /* ShowImageCell.h */ = {isa = PBXFileReference; fileEncoding = 4; lastKnownFileType = sourcecode.c.h; path = ShowImageCell.h; sourceTree = "<group>"; };
		ABC262B41F0E69C300F4E538 /* ShowImageCell.m */ = {isa = PBXFileReference; fileEncoding = 4; lastKnownFileType = sourcecode.c.objc; path = ShowImageCell.m; sourceTree = "<group>"; };
		B226E8BF1CEF04F700C82B39 /* PFMovieController.h */ = {isa = PBXFileReference; fileEncoding = 4; lastKnownFileType = sourcecode.c.h; path = PFMovieController.h; sourceTree = "<group>"; };
		B226E8C01CEF04F700C82B39 /* PFMovieController.m */ = {isa = PBXFileReference; fileEncoding = 4; lastKnownFileType = sourcecode.c.objc; path = PFMovieController.m; sourceTree = "<group>"; };
		B226E8C11CEF04F700C82B39 /* PFMovieController.xib */ = {isa = PBXFileReference; fileEncoding = 4; lastKnownFileType = file.xib; path = PFMovieController.xib; sourceTree = "<group>"; };
		B230DCB31F29BCEA0003AC16 /* PFInputView.h */ = {isa = PBXFileReference; fileEncoding = 4; lastKnownFileType = sourcecode.c.h; path = PFInputView.h; sourceTree = "<group>"; };
		B230DCB41F29BCEA0003AC16 /* PFInputView.m */ = {isa = PBXFileReference; fileEncoding = 4; lastKnownFileType = sourcecode.c.objc; path = PFInputView.m; sourceTree = "<group>"; };
		B235B08A1F2B22EE00FAFB8E /* PFIndicatorView.h */ = {isa = PBXFileReference; fileEncoding = 4; lastKnownFileType = sourcecode.c.h; path = PFIndicatorView.h; sourceTree = "<group>"; };
		B235B08B1F2B22EE00FAFB8E /* PFIndicatorView.m */ = {isa = PBXFileReference; fileEncoding = 4; lastKnownFileType = sourcecode.c.objc; path = PFIndicatorView.m; sourceTree = "<group>"; };
		B250D7CE1CE9541400F4EC06 /* PFImagePickerController.app */ = {isa = PBXFileReference; explicitFileType = wrapper.application; includeInIndex = 0; path = PFImagePickerController.app; sourceTree = BUILT_PRODUCTS_DIR; };
		B250D7D21CE9541400F4EC06 /* main.m */ = {isa = PBXFileReference; lastKnownFileType = sourcecode.c.objc; path = main.m; sourceTree = "<group>"; };
		B250D7D41CE9541400F4EC06 /* AppDelegate.h */ = {isa = PBXFileReference; lastKnownFileType = sourcecode.c.h; path = AppDelegate.h; sourceTree = "<group>"; };
		B250D7D51CE9541400F4EC06 /* AppDelegate.m */ = {isa = PBXFileReference; lastKnownFileType = sourcecode.c.objc; path = AppDelegate.m; sourceTree = "<group>"; };
		B250D7D71CE9541400F4EC06 /* ViewController.h */ = {isa = PBXFileReference; lastKnownFileType = sourcecode.c.h; path = ViewController.h; sourceTree = "<group>"; };
		B250D7D81CE9541400F4EC06 /* ViewController.m */ = {isa = PBXFileReference; lastKnownFileType = sourcecode.c.objc; path = ViewController.m; sourceTree = "<group>"; };
		B250D7DB1CE9541400F4EC06 /* Base */ = {isa = PBXFileReference; lastKnownFileType = file.storyboard; name = Base; path = Base.lproj/Main.storyboard; sourceTree = "<group>"; };
		B250D7DD1CE9541400F4EC06 /* Assets.xcassets */ = {isa = PBXFileReference; lastKnownFileType = folder.assetcatalog; path = Assets.xcassets; sourceTree = "<group>"; };
		B250D7E01CE9541400F4EC06 /* Base */ = {isa = PBXFileReference; lastKnownFileType = file.storyboard; name = Base; path = Base.lproj/LaunchScreen.storyboard; sourceTree = "<group>"; };
		B250D7E21CE9541400F4EC06 /* Info.plist */ = {isa = PBXFileReference; lastKnownFileType = text.plist.xml; path = Info.plist; sourceTree = "<group>"; };
		B250D7E71CE9541400F4EC06 /* PFImagePickerControllerTests.xctest */ = {isa = PBXFileReference; explicitFileType = wrapper.cfbundle; includeInIndex = 0; path = PFImagePickerControllerTests.xctest; sourceTree = BUILT_PRODUCTS_DIR; };
		B250D7EB1CE9541400F4EC06 /* PFImagePickerControllerTests.m */ = {isa = PBXFileReference; lastKnownFileType = sourcecode.c.objc; path = PFImagePickerControllerTests.m; sourceTree = "<group>"; };
		B250D7ED1CE9541400F4EC06 /* Info.plist */ = {isa = PBXFileReference; lastKnownFileType = text.plist.xml; path = Info.plist; sourceTree = "<group>"; };
		B250D7F21CE9541400F4EC06 /* PFImagePickerControllerUITests.xctest */ = {isa = PBXFileReference; explicitFileType = wrapper.cfbundle; includeInIndex = 0; path = PFImagePickerControllerUITests.xctest; sourceTree = BUILT_PRODUCTS_DIR; };
		B250D7F61CE9541400F4EC06 /* PFImagePickerControllerUITests.m */ = {isa = PBXFileReference; lastKnownFileType = sourcecode.c.objc; path = PFImagePickerControllerUITests.m; sourceTree = "<group>"; };
		B250D7F81CE9541400F4EC06 /* Info.plist */ = {isa = PBXFileReference; lastKnownFileType = text.plist.xml; path = Info.plist; sourceTree = "<group>"; };
		B250D85D1CE9781700F4EC06 /* PFAlbumsController.h */ = {isa = PBXFileReference; fileEncoding = 4; lastKnownFileType = sourcecode.c.h; path = PFAlbumsController.h; sourceTree = "<group>"; };
		B250D85E1CE9781700F4EC06 /* PFAlbumsController.m */ = {isa = PBXFileReference; fileEncoding = 4; lastKnownFileType = sourcecode.c.objc; path = PFAlbumsController.m; sourceTree = "<group>"; };
		B250D85F1CE9781700F4EC06 /* PFAlbumsController.xib */ = {isa = PBXFileReference; fileEncoding = 4; lastKnownFileType = file.xib; path = PFAlbumsController.xib; sourceTree = "<group>"; };
		B250D8601CE9781700F4EC06 /* PFImagePickerController.h */ = {isa = PBXFileReference; fileEncoding = 4; lastKnownFileType = sourcecode.c.h; path = PFImagePickerController.h; sourceTree = "<group>"; };
		B250D8611CE9781700F4EC06 /* PFImagePickerController.m */ = {isa = PBXFileReference; fileEncoding = 4; lastKnownFileType = sourcecode.c.objc; path = PFImagePickerController.m; sourceTree = "<group>"; };
		B250D8621CE9781700F4EC06 /* PFImagePickerController.xib */ = {isa = PBXFileReference; fileEncoding = 4; lastKnownFileType = file.xib; path = PFImagePickerController.xib; sourceTree = "<group>"; };
		B250D86A1CE9787E00F4EC06 /* PFImagePickerTool.h */ = {isa = PBXFileReference; fileEncoding = 4; lastKnownFileType = sourcecode.c.h; path = PFImagePickerTool.h; sourceTree = "<group>"; };
		B250D86B1CE9787E00F4EC06 /* PFImagePickerTool.m */ = {isa = PBXFileReference; fileEncoding = 4; lastKnownFileType = sourcecode.c.objc; path = PFImagePickerTool.m; sourceTree = "<group>"; };
		B250D86D1CE978A000F4EC06 /* AlbumsCell.h */ = {isa = PBXFileReference; fileEncoding = 4; lastKnownFileType = sourcecode.c.h; path = AlbumsCell.h; sourceTree = "<group>"; };
		B250D86E1CE978A000F4EC06 /* AlbumsCell.m */ = {isa = PBXFileReference; fileEncoding = 4; lastKnownFileType = sourcecode.c.objc; path = AlbumsCell.m; sourceTree = "<group>"; };
		B250D86F1CE978A000F4EC06 /* AlbumsCell.xib */ = {isa = PBXFileReference; fileEncoding = 4; lastKnownFileType = file.xib; path = AlbumsCell.xib; sourceTree = "<group>"; };
		B250D8721CE9B42300F4EC06 /* PFAssetsController.h */ = {isa = PBXFileReference; fileEncoding = 4; lastKnownFileType = sourcecode.c.h; path = PFAssetsController.h; sourceTree = "<group>"; };
		B250D8731CE9B42300F4EC06 /* PFAssetsController.m */ = {isa = PBXFileReference; fileEncoding = 4; lastKnownFileType = sourcecode.c.objc; path = PFAssetsController.m; sourceTree = "<group>"; };
		B250D8741CE9B42300F4EC06 /* PFAssetsController.xib */ = {isa = PBXFileReference; fileEncoding = 4; lastKnownFileType = file.xib; path = PFAssetsController.xib; sourceTree = "<group>"; };
		B258B3E21F1CA455003C6C55 /* UICustomRecognizer.h */ = {isa = PBXFileReference; fileEncoding = 4; lastKnownFileType = sourcecode.c.h; path = UICustomRecognizer.h; sourceTree = "<group>"; };
		B258B3E31F1CA455003C6C55 /* UICustomRecognizer.m */ = {isa = PBXFileReference; fileEncoding = 4; lastKnownFileType = sourcecode.c.objc; path = UICustomRecognizer.m; sourceTree = "<group>"; };
		B265C4861F288AC0003DF480 /* PFFilterView.h */ = {isa = PBXFileReference; fileEncoding = 4; lastKnownFileType = sourcecode.c.h; path = PFFilterView.h; sourceTree = "<group>"; };
		B265C4871F288AC0003DF480 /* PFFilterView.m */ = {isa = PBXFileReference; fileEncoding = 4; lastKnownFileType = sourcecode.c.objc; path = PFFilterView.m; sourceTree = "<group>"; };
		B265C48E1F289510003DF480 /* PFFilterCell.m */ = {isa = PBXFileReference; fileEncoding = 4; lastKnownFileType = sourcecode.c.objc; path = PFFilterCell.m; sourceTree = "<group>"; };
		B265C48F1F289510003DF480 /* PFFilterCell.h */ = {isa = PBXFileReference; fileEncoding = 4; lastKnownFileType = sourcecode.c.h; path = PFFilterCell.h; sourceTree = "<group>"; };
		B265C4901F289510003DF480 /* PFFilterCell.xib */ = {isa = PBXFileReference; fileEncoding = 4; lastKnownFileType = file.xib; path = PFFilterCell.xib; sourceTree = "<group>"; };
		B26FBCFF1F0F1F18001FF05E /* ShowImageCell.xib */ = {isa = PBXFileReference; fileEncoding = 4; lastKnownFileType = file.xib; path = ShowImageCell.xib; sourceTree = "<group>"; };
		B26FBD021F0F64ED001FF05E /* back.png */ = {isa = PBXFileReference; lastKnownFileType = image.png; path = back.png; sourceTree = "<group>"; };
		B26FBD031F0F64ED001FF05E /* big_placeholder.png */ = {isa = PBXFileReference; lastKnownFileType = image.png; path = big_placeholder.png; sourceTree = "<group>"; };
		B26FBD041F0F64ED001FF05E /* blur.png */ = {isa = PBXFileReference; lastKnownFileType = image.png; path = blur.png; sourceTree = "<group>"; };
		B26FBD051F0F64ED001FF05E /* cancel.png */ = {isa = PBXFileReference; lastKnownFileType = image.png; path = cancel.png; sourceTree = "<group>"; };
		B26FBD061F0F64ED001FF05E /* circle.png */ = {isa = PBXFileReference; lastKnownFileType = image.png; path = circle.png; sourceTree = "<group>"; };
		B26FBD071F0F64ED001FF05E /* circle_selected.png */ = {isa = PBXFileReference; lastKnownFileType = image.png; path = circle_selected.png; sourceTree = "<group>"; };
		B26FBD081F0F64ED001FF05E /* edit.png */ = {isa = PBXFileReference; lastKnownFileType = image.png; path = edit.png; sourceTree = "<group>"; };
		B26FBD091F0F64ED001FF05E /* edit_selected.png */ = {isa = PBXFileReference; lastKnownFileType = image.png; path = edit_selected.png; sourceTree = "<group>"; };
		B26FBD0A1F0F64ED001FF05E /* filter.png */ = {isa = PBXFileReference; lastKnownFileType = image.png; path = filter.png; sourceTree = "<group>"; };
		B26FBD0B1F0F64ED001FF05E /* font.png */ = {isa = PBXFileReference; lastKnownFileType = image.png; path = font.png; sourceTree = "<group>"; };
		B26FBD0C1F0F64ED001FF05E /* media.png */ = {isa = PBXFileReference; lastKnownFileType = image.png; path = media.png; sourceTree = "<group>"; };
		B26FBD0D1F0F64ED001FF05E /* placeholder.png */ = {isa = PBXFileReference; lastKnownFileType = image.png; path = placeholder.png; sourceTree = "<group>"; };
		B26FBD0E1F0F64ED001FF05E /* rotate.png */ = {isa = PBXFileReference; lastKnownFileType = image.png; path = rotate.png; sourceTree = "<group>"; };
		B26FBD0F1F0F64ED001FF05E /* save.png */ = {isa = PBXFileReference; lastKnownFileType = image.png; path = save.png; sourceTree = "<group>"; };
		B26FBD101F0F64ED001FF05E /* selected.png */ = {isa = PBXFileReference; lastKnownFileType = image.png; path = selected.png; sourceTree = "<group>"; };
		B26FBD111F0F64ED001FF05E /* shadow.png */ = {isa = PBXFileReference; lastKnownFileType = image.png; path = shadow.png; sourceTree = "<group>"; };
		B26FBD121F0F64ED001FF05E /* unselected.png */ = {isa = PBXFileReference; lastKnownFileType = image.png; path = unselected.png; sourceTree = "<group>"; };
		B27FA5001F13505F000D3DCB /* PFClipAndRotateController.h */ = {isa = PBXFileReference; fileEncoding = 4; lastKnownFileType = sourcecode.c.h; path = PFClipAndRotateController.h; sourceTree = "<group>"; };
		B27FA5011F13505F000D3DCB /* PFClipAndRotateController.m */ = {isa = PBXFileReference; fileEncoding = 4; lastKnownFileType = sourcecode.c.objc; path = PFClipAndRotateController.m; sourceTree = "<group>"; };
		B27FA5031F1351FE000D3DCB /* PFRotateAndClipView.h */ = {isa = PBXFileReference; fileEncoding = 4; lastKnownFileType = sourcecode.c.h; path = PFRotateAndClipView.h; sourceTree = "<group>"; };
		B27FA5041F1351FE000D3DCB /* PFRotateAndClipView.m */ = {isa = PBXFileReference; fileEncoding = 4; lastKnownFileType = sourcecode.c.objc; path = PFRotateAndClipView.m; sourceTree = "<group>"; };
		B27FA5061F1352EA000D3DCB /* PFRotateAndClipView.xib */ = {isa = PBXFileReference; fileEncoding = 4; lastKnownFileType = file.xib; path = PFRotateAndClipView.xib; sourceTree = "<group>"; };
		B27FA5391F136085000D3DCB /* PFOverlay.h */ = {isa = PBXFileReference; fileEncoding = 4; lastKnownFileType = sourcecode.c.h; path = PFOverlay.h; sourceTree = "<group>"; };
		B27FA53A1F136085000D3DCB /* PFOverlay.m */ = {isa = PBXFileReference; fileEncoding = 4; lastKnownFileType = sourcecode.c.objc; path = PFOverlay.m; sourceTree = "<group>"; };
		B27FBF011F209B5000797904 /* PFColorSelectionBar.h */ = {isa = PBXFileReference; fileEncoding = 4; lastKnownFileType = sourcecode.c.h; path = PFColorSelectionBar.h; sourceTree = "<group>"; };
		B27FBF021F209B5000797904 /* PFColorSelectionBar.m */ = {isa = PBXFileReference; fileEncoding = 4; lastKnownFileType = sourcecode.c.objc; path = PFColorSelectionBar.m; sourceTree = "<group>"; };
		B27FBF041F209E7600797904 /* PFColorCell.h */ = {isa = PBXFileReference; fileEncoding = 4; lastKnownFileType = sourcecode.c.h; path = PFColorCell.h; sourceTree = "<group>"; };
		B27FBF051F209E7600797904 /* PFColorCell.m */ = {isa = PBXFileReference; fileEncoding = 4; lastKnownFileType = sourcecode.c.objc; path = PFColorCell.m; sourceTree = "<group>"; };
		B27FBF061F209E7600797904 /* PFColorCell.xib */ = {isa = PBXFileReference; fileEncoding = 4; lastKnownFileType = file.xib; path = PFColorCell.xib; sourceTree = "<group>"; };
		B28130381F1D9E0A003CFBE1 /* PFClipAndRotateController.xib */ = {isa = PBXFileReference; fileEncoding = 4; lastKnownFileType = file.xib; path = PFClipAndRotateController.xib; sourceTree = "<group>"; };
		B28846961F0E326800684DC7 /* PFShowImageController.h */ = {isa = PBXFileReference; fileEncoding = 4; lastKnownFileType = sourcecode.c.h; path = PFShowImageController.h; sourceTree = "<group>"; };
		B28846971F0E326800684DC7 /* PFShowImageController.m */ = {isa = PBXFileReference; fileEncoding = 4; lastKnownFileType = sourcecode.c.objc; path = PFShowImageController.m; sourceTree = "<group>"; };
		B28846981F0E326800684DC7 /* PFShowImageController.xib */ = {isa = PBXFileReference; fileEncoding = 4; lastKnownFileType = file.xib; path = PFShowImageController.xib; sourceTree = "<group>"; };
		B28C5B111EE0005E006D8A1D /* AssetModel.h */ = {isa = PBXFileReference; fileEncoding = 4; lastKnownFileType = sourcecode.c.h; path = AssetModel.h; sourceTree = "<group>"; };
		B28C5B121EE0005E006D8A1D /* AssetModel.m */ = {isa = PBXFileReference; fileEncoding = 4; lastKnownFileType = sourcecode.c.objc; path = AssetModel.m; sourceTree = "<group>"; };
		B2AAE2DE1F218FFF00B4F5B5 /* PFPaintView.h */ = {isa = PBXFileReference; fileEncoding = 4; lastKnownFileType = sourcecode.c.h; path = PFPaintView.h; sourceTree = "<group>"; };
		B2AAE2DF1F218FFF00B4F5B5 /* PFPaintView.m */ = {isa = PBXFileReference; fileEncoding = 4; lastKnownFileType = sourcecode.c.objc; path = PFPaintView.m; sourceTree = "<group>"; };
		B2AAE31A1F21F17700B4F5B5 /* PFFilterTool.h */ = {isa = PBXFileReference; fileEncoding = 4; lastKnownFileType = sourcecode.c.h; path = PFFilterTool.h; sourceTree = "<group>"; };
		B2AAE31B1F21F17700B4F5B5 /* PFFilterTool.m */ = {isa = PBXFileReference; fileEncoding = 4; lastKnownFileType = sourcecode.c.objc; path = PFFilterTool.m; sourceTree = "<group>"; };
		B2AAE3461F21F72300B4F5B5 /* PFFilterOperation.h */ = {isa = PBXFileReference; fileEncoding = 4; lastKnownFileType = sourcecode.c.h; path = PFFilterOperation.h; sourceTree = "<group>"; };
		B2AAE3471F21F72300B4F5B5 /* PFFilterOperation.m */ = {isa = PBXFileReference; fileEncoding = 4; lastKnownFileType = sourcecode.c.objc; path = PFFilterOperation.m; sourceTree = "<group>"; };
		B2DB16161CE9BA6A0088E80A /* AssetCell.h */ = {isa = PBXFileReference; fileEncoding = 4; lastKnownFileType = sourcecode.c.h; path = AssetCell.h; sourceTree = "<group>"; };
		B2DB16171CE9BA6A0088E80A /* AssetCell.m */ = {isa = PBXFileReference; fileEncoding = 4; lastKnownFileType = sourcecode.c.objc; path = AssetCell.m; sourceTree = "<group>"; };
		B2DB16181CE9BA6A0088E80A /* AssetCell.xib */ = {isa = PBXFileReference; fileEncoding = 4; lastKnownFileType = file.xib; path = AssetCell.xib; sourceTree = "<group>"; };
/* End PBXFileReference section */

/* Begin PBXFrameworksBuildPhase section */
		B250D7CB1CE9541400F4EC06 /* Frameworks */ = {
			isa = PBXFrameworksBuildPhase;
			buildActionMask = 2147483647;
			files = (
			);
			runOnlyForDeploymentPostprocessing = 0;
		};
		B250D7E41CE9541400F4EC06 /* Frameworks */ = {
			isa = PBXFrameworksBuildPhase;
			buildActionMask = 2147483647;
			files = (
			);
			runOnlyForDeploymentPostprocessing = 0;
		};
		B250D7EF1CE9541400F4EC06 /* Frameworks */ = {
			isa = PBXFrameworksBuildPhase;
			buildActionMask = 2147483647;
			files = (
			);
			runOnlyForDeploymentPostprocessing = 0;
		};
/* End PBXFrameworksBuildPhase section */

/* Begin PBXGroup section */
		B250D7C51CE9541400F4EC06 = {
			isa = PBXGroup;
			children = (
				B250D7D01CE9541400F4EC06 /* PFImagePickerController */,
				B250D7EA1CE9541400F4EC06 /* PFImagePickerControllerTests */,
				B250D7F51CE9541400F4EC06 /* PFImagePickerControllerUITests */,
				B250D7CF1CE9541400F4EC06 /* Products */,
			);
			sourceTree = "<group>";
		};
		B250D7CF1CE9541400F4EC06 /* Products */ = {
			isa = PBXGroup;
			children = (
				B250D7CE1CE9541400F4EC06 /* PFImagePickerController.app */,
				B250D7E71CE9541400F4EC06 /* PFImagePickerControllerTests.xctest */,
				B250D7F21CE9541400F4EC06 /* PFImagePickerControllerUITests.xctest */,
			);
			name = Products;
			sourceTree = "<group>";
		};
		B250D7D01CE9541400F4EC06 /* PFImagePickerController */ = {
			isa = PBXGroup;
			children = (
				B250D8041CE9542200F4EC06 /* PFImagePickerController */,
				B250D7D41CE9541400F4EC06 /* AppDelegate.h */,
				B250D7D51CE9541400F4EC06 /* AppDelegate.m */,
				B250D7D71CE9541400F4EC06 /* ViewController.h */,
				B250D7D81CE9541400F4EC06 /* ViewController.m */,
				B250D7DA1CE9541400F4EC06 /* Main.storyboard */,
				B250D7DD1CE9541400F4EC06 /* Assets.xcassets */,
				B250D7DF1CE9541400F4EC06 /* LaunchScreen.storyboard */,
				B250D7E21CE9541400F4EC06 /* Info.plist */,
				B250D7D11CE9541400F4EC06 /* Supporting Files */,
			);
			path = PFImagePickerController;
			sourceTree = "<group>";
		};
		B250D7D11CE9541400F4EC06 /* Supporting Files */ = {
			isa = PBXGroup;
			children = (
				B250D7D21CE9541400F4EC06 /* main.m */,
			);
			name = "Supporting Files";
			sourceTree = "<group>";
		};
		B250D7EA1CE9541400F4EC06 /* PFImagePickerControllerTests */ = {
			isa = PBXGroup;
			children = (
				B250D7EB1CE9541400F4EC06 /* PFImagePickerControllerTests.m */,
				B250D7ED1CE9541400F4EC06 /* Info.plist */,
			);
			path = PFImagePickerControllerTests;
			sourceTree = "<group>";
		};
		B250D7F51CE9541400F4EC06 /* PFImagePickerControllerUITests */ = {
			isa = PBXGroup;
			children = (
				B250D7F61CE9541400F4EC06 /* PFImagePickerControllerUITests.m */,
				B250D7F81CE9541400F4EC06 /* Info.plist */,
			);
			path = PFImagePickerControllerUITests;
			sourceTree = "<group>";
		};
		B250D8041CE9542200F4EC06 /* PFImagePickerController */ = {
			isa = PBXGroup;
			children = (
				B26FBD011F0F64ED001FF05E /* Resource */,
				B250D8691CE9785300F4EC06 /* Tool */,
				B250D8681CE9784B00F4EC06 /* Model */,
				B250D8671CE9783700F4EC06 /* View */,
				B250D85C1CE9778500F4EC06 /* Controller */,
			);
			path = PFImagePickerController;
			sourceTree = "<group>";
		};
		B250D85C1CE9778500F4EC06 /* Controller */ = {
			isa = PBXGroup;
			children = (
				B250D85D1CE9781700F4EC06 /* PFAlbumsController.h */,
				B250D85E1CE9781700F4EC06 /* PFAlbumsController.m */,
				B250D85F1CE9781700F4EC06 /* PFAlbumsController.xib */,
				B250D8601CE9781700F4EC06 /* PFImagePickerController.h */,
				B250D8611CE9781700F4EC06 /* PFImagePickerController.m */,
				B250D8621CE9781700F4EC06 /* PFImagePickerController.xib */,
				B250D8721CE9B42300F4EC06 /* PFAssetsController.h */,
				B250D8731CE9B42300F4EC06 /* PFAssetsController.m */,
				B250D8741CE9B42300F4EC06 /* PFAssetsController.xib */,
				B226E8BF1CEF04F700C82B39 /* PFMovieController.h */,
				B226E8C01CEF04F700C82B39 /* PFMovieController.m */,
				B226E8C11CEF04F700C82B39 /* PFMovieController.xib */,
				B28846961F0E326800684DC7 /* PFShowImageController.h */,
				B28846971F0E326800684DC7 /* PFShowImageController.m */,
				B28846981F0E326800684DC7 /* PFShowImageController.xib */,
				B27FA5001F13505F000D3DCB /* PFClipAndRotateController.h */,
				B27FA5011F13505F000D3DCB /* PFClipAndRotateController.m */,
				B28130381F1D9E0A003CFBE1 /* PFClipAndRotateController.xib */,
			);
			path = Controller;
			sourceTree = "<group>";
		};
		B250D8671CE9783700F4EC06 /* View */ = {
			isa = PBXGroup;
			children = (
				B265C48E1F289510003DF480 /* PFFilterCell.m */,
				B265C48F1F289510003DF480 /* PFFilterCell.h */,
				B265C4901F289510003DF480 /* PFFilterCell.xib */,
				B250D86D1CE978A000F4EC06 /* AlbumsCell.h */,
				B250D86E1CE978A000F4EC06 /* AlbumsCell.m */,
				B250D86F1CE978A000F4EC06 /* AlbumsCell.xib */,
				B2DB16161CE9BA6A0088E80A /* AssetCell.h */,
				B2DB16171CE9BA6A0088E80A /* AssetCell.m */,
				B2DB16181CE9BA6A0088E80A /* AssetCell.xib */,
				ABC262B31F0E69C300F4E538 /* ShowImageCell.h */,
				ABC262B41F0E69C300F4E538 /* ShowImageCell.m */,
				B26FBCFF1F0F1F18001FF05E /* ShowImageCell.xib */,
				B27FA5031F1351FE000D3DCB /* PFRotateAndClipView.h */,
				B27FA5041F1351FE000D3DCB /* PFRotateAndClipView.m */,
				B27FA5061F1352EA000D3DCB /* PFRotateAndClipView.xib */,
				B27FA5391F136085000D3DCB /* PFOverlay.h */,
				B27FA53A1F136085000D3DCB /* PFOverlay.m */,
				B27FBF011F209B5000797904 /* PFColorSelectionBar.h */,
				B27FBF021F209B5000797904 /* PFColorSelectionBar.m */,
				B27FBF041F209E7600797904 /* PFColorCell.h */,
				B27FBF051F209E7600797904 /* PFColorCell.m */,
				B27FBF061F209E7600797904 /* PFColorCell.xib */,
				B2AAE2DE1F218FFF00B4F5B5 /* PFPaintView.h */,
				B2AAE2DF1F218FFF00B4F5B5 /* PFPaintView.m */,
				B265C4861F288AC0003DF480 /* PFFilterView.h */,
				B265C4871F288AC0003DF480 /* PFFilterView.m */,
				B230DCB31F29BCEA0003AC16 /* PFInputView.h */,
				B230DCB41F29BCEA0003AC16 /* PFInputView.m */,
				B235B08A1F2B22EE00FAFB8E /* PFIndicatorView.h */,
				B235B08B1F2B22EE00FAFB8E /* PFIndicatorView.m */,
			);
			path = View;
			sourceTree = "<group>";
		};
		B250D8681CE9784B00F4EC06 /* Model */ = {
			isa = PBXGroup;
			children = (
				B28C5B111EE0005E006D8A1D /* AssetModel.h */,
				B28C5B121EE0005E006D8A1D /* AssetModel.m */,
			);
			path = Model;
			sourceTree = "<group>";
		};
		B250D8691CE9785300F4EC06 /* Tool */ = {
			isa = PBXGroup;
			children = (
				B2AAE31A1F21F17700B4F5B5 /* PFFilterTool.h */,
				B2AAE31B1F21F17700B4F5B5 /* PFFilterTool.m */,
				B258B3E21F1CA455003C6C55 /* UICustomRecognizer.h */,
				B258B3E31F1CA455003C6C55 /* UICustomRecognizer.m */,
				B250D86A1CE9787E00F4EC06 /* PFImagePickerTool.h */,
				B250D86B1CE9787E00F4EC06 /* PFImagePickerTool.m */,
				B2AAE3461F21F72300B4F5B5 /* PFFilterOperation.h */,
				B2AAE3471F21F72300B4F5B5 /* PFFilterOperation.m */,
			);
			path = Tool;
			sourceTree = "<group>";
		};
		B26FBD011F0F64ED001FF05E /* Resource */ = {
			isa = PBXGroup;
			children = (
				B26FBD021F0F64ED001FF05E /* back.png */,
				B26FBD031F0F64ED001FF05E /* big_placeholder.png */,
				B26FBD041F0F64ED001FF05E /* blur.png */,
				B26FBD051F0F64ED001FF05E /* cancel.png */,
				B26FBD061F0F64ED001FF05E /* circle.png */,
				B26FBD071F0F64ED001FF05E /* circle_selected.png */,
				B26FBD081F0F64ED001FF05E /* edit.png */,
				B26FBD091F0F64ED001FF05E /* edit_selected.png */,
				B26FBD0A1F0F64ED001FF05E /* filter.png */,
				B26FBD0B1F0F64ED001FF05E /* font.png */,
				B26FBD0C1F0F64ED001FF05E /* media.png */,
				B26FBD0D1F0F64ED001FF05E /* placeholder.png */,
				B26FBD0E1F0F64ED001FF05E /* rotate.png */,
				B26FBD0F1F0F64ED001FF05E /* save.png */,
				B26FBD101F0F64ED001FF05E /* selected.png */,
				B26FBD111F0F64ED001FF05E /* shadow.png */,
				B26FBD121F0F64ED001FF05E /* unselected.png */,
			);
			path = Resource;
			sourceTree = "<group>";
		};
/* End PBXGroup section */

/* Begin PBXNativeTarget section */
		B250D7CD1CE9541400F4EC06 /* PFImagePickerController */ = {
			isa = PBXNativeTarget;
			buildConfigurationList = B250D7FB1CE9541400F4EC06 /* Build configuration list for PBXNativeTarget "PFImagePickerController" */;
			buildPhases = (
				B250D7CA1CE9541400F4EC06 /* Sources */,
				B250D7CB1CE9541400F4EC06 /* Frameworks */,
				B250D7CC1CE9541400F4EC06 /* Resources */,
			);
			buildRules = (
			);
			dependencies = (
			);
			name = PFImagePickerController;
			productName = PFImagePickerController;
			productReference = B250D7CE1CE9541400F4EC06 /* PFImagePickerController.app */;
			productType = "com.apple.product-type.application";
		};
		B250D7E61CE9541400F4EC06 /* PFImagePickerControllerTests */ = {
			isa = PBXNativeTarget;
			buildConfigurationList = B250D7FE1CE9541400F4EC06 /* Build configuration list for PBXNativeTarget "PFImagePickerControllerTests" */;
			buildPhases = (
				B250D7E31CE9541400F4EC06 /* Sources */,
				B250D7E41CE9541400F4EC06 /* Frameworks */,
				B250D7E51CE9541400F4EC06 /* Resources */,
			);
			buildRules = (
			);
			dependencies = (
				B250D7E91CE9541400F4EC06 /* PBXTargetDependency */,
			);
			name = PFImagePickerControllerTests;
			productName = PFImagePickerControllerTests;
			productReference = B250D7E71CE9541400F4EC06 /* PFImagePickerControllerTests.xctest */;
			productType = "com.apple.product-type.bundle.unit-test";
		};
		B250D7F11CE9541400F4EC06 /* PFImagePickerControllerUITests */ = {
			isa = PBXNativeTarget;
			buildConfigurationList = B250D8011CE9541400F4EC06 /* Build configuration list for PBXNativeTarget "PFImagePickerControllerUITests" */;
			buildPhases = (
				B250D7EE1CE9541400F4EC06 /* Sources */,
				B250D7EF1CE9541400F4EC06 /* Frameworks */,
				B250D7F01CE9541400F4EC06 /* Resources */,
			);
			buildRules = (
			);
			dependencies = (
				B250D7F41CE9541400F4EC06 /* PBXTargetDependency */,
			);
			name = PFImagePickerControllerUITests;
			productName = PFImagePickerControllerUITests;
			productReference = B250D7F21CE9541400F4EC06 /* PFImagePickerControllerUITests.xctest */;
			productType = "com.apple.product-type.bundle.ui-testing";
		};
/* End PBXNativeTarget section */

/* Begin PBXProject section */
		B250D7C61CE9541400F4EC06 /* Project object */ = {
			isa = PBXProject;
			attributes = {
				LastUpgradeCheck = 0830;
				ORGANIZATIONNAME = "软件开发部2";
				TargetAttributes = {
					B250D7CD1CE9541400F4EC06 = {
						CreatedOnToolsVersion = 7.2.1;
						DevelopmentTeam = G7R3Y58HQ5;
					};
					B250D7E61CE9541400F4EC06 = {
						CreatedOnToolsVersion = 7.2.1;
						DevelopmentTeam = G7R3Y58HQ5;
						TestTargetID = B250D7CD1CE9541400F4EC06;
					};
					B250D7F11CE9541400F4EC06 = {
						CreatedOnToolsVersion = 7.2.1;
						DevelopmentTeam = G7R3Y58HQ5;
						TestTargetID = B250D7CD1CE9541400F4EC06;
					};
				};
			};
			buildConfigurationList = B250D7C91CE9541400F4EC06 /* Build configuration list for PBXProject "PFImagePickerController" */;
			compatibilityVersion = "Xcode 3.2";
			developmentRegion = English;
			hasScannedForEncodings = 0;
			knownRegions = (
				en,
				Base,
			);
			mainGroup = B250D7C51CE9541400F4EC06;
			productRefGroup = B250D7CF1CE9541400F4EC06 /* Products */;
			projectDirPath = "";
			projectRoot = "";
			targets = (
				B250D7CD1CE9541400F4EC06 /* PFImagePickerController */,
				B250D7E61CE9541400F4EC06 /* PFImagePickerControllerTests */,
				B250D7F11CE9541400F4EC06 /* PFImagePickerControllerUITests */,
			);
		};
/* End PBXProject section */

/* Begin PBXResourcesBuildPhase section */
		B250D7CC1CE9541400F4EC06 /* Resources */ = {
			isa = PBXResourcesBuildPhase;
			buildActionMask = 2147483647;
			files = (
				B26FBD151F0F64ED001FF05E /* blur.png in Resources */,
				B26FBD191F0F64ED001FF05E /* edit.png in Resources */,
				B26FBD201F0F64ED001FF05E /* save.png in Resources */,
				B26FBD001F0F1F18001FF05E /* ShowImageCell.xib in Resources */,
				B26FBD211F0F64ED001FF05E /* selected.png in Resources */,
				B250D8711CE978A000F4EC06 /* AlbumsCell.xib in Resources */,
				B26FBD171F0F64ED001FF05E /* circle.png in Resources */,
				B250D7E11CE9541400F4EC06 /* LaunchScreen.storyboard in Resources */,
				B2DB161A1CE9BA6A0088E80A /* AssetCell.xib in Resources */,
				B26FBD221F0F64ED001FF05E /* shadow.png in Resources */,
				B26FBD131F0F64ED001FF05E /* back.png in Resources */,
				B26FBD1E1F0F64ED001FF05E /* placeholder.png in Resources */,
				B26FBD161F0F64ED001FF05E /* cancel.png in Resources */,
				B26FBD1C1F0F64ED001FF05E /* font.png in Resources */,
				B26FBD141F0F64ED001FF05E /* big_placeholder.png in Resources */,
				B26FBD1D1F0F64ED001FF05E /* media.png in Resources */,
				B26FBD1F1F0F64ED001FF05E /* rotate.png in Resources */,
				B288469A1F0E326800684DC7 /* PFShowImageController.xib in Resources */,
				B250D7DE1CE9541400F4EC06 /* Assets.xcassets in Resources */,
				B26FBD181F0F64ED001FF05E /* circle_selected.png in Resources */,
				B28130391F1D9E0A003CFBE1 /* PFClipAndRotateController.xib in Resources */,
				B27FA5071F1352EA000D3DCB /* PFRotateAndClipView.xib in Resources */,
				B226E8C31CEF04F700C82B39 /* PFMovieController.xib in Resources */,
				B250D8761CE9B42300F4EC06 /* PFAssetsController.xib in Resources */,
				B250D8661CE9781700F4EC06 /* PFImagePickerController.xib in Resources */,
				B250D8641CE9781700F4EC06 /* PFAlbumsController.xib in Resources */,
				B26FBD1A1F0F64ED001FF05E /* edit_selected.png in Resources */,
				B27FBF081F209E7600797904 /* PFColorCell.xib in Resources */,
				B250D7DC1CE9541400F4EC06 /* Main.storyboard in Resources */,
				B265C4921F289510003DF480 /* PFFilterCell.xib in Resources */,
				B26FBD1B1F0F64ED001FF05E /* filter.png in Resources */,
				B26FBD231F0F64ED001FF05E /* unselected.png in Resources */,
			);
			runOnlyForDeploymentPostprocessing = 0;
		};
		B250D7E51CE9541400F4EC06 /* Resources */ = {
			isa = PBXResourcesBuildPhase;
			buildActionMask = 2147483647;
			files = (
			);
			runOnlyForDeploymentPostprocessing = 0;
		};
		B250D7F01CE9541400F4EC06 /* Resources */ = {
			isa = PBXResourcesBuildPhase;
			buildActionMask = 2147483647;
			files = (
			);
			runOnlyForDeploymentPostprocessing = 0;
		};
/* End PBXResourcesBuildPhase section */

/* Begin PBXSourcesBuildPhase section */
		B250D7CA1CE9541400F4EC06 /* Sources */ = {
			isa = PBXSourcesBuildPhase;
			buildActionMask = 2147483647;
			files = (
				B28846991F0E326800684DC7 /* PFShowImageController.m in Sources */,
				B250D7D91CE9541400F4EC06 /* ViewController.m in Sources */,
				B250D8701CE978A000F4EC06 /* AlbumsCell.m in Sources */,
				B250D8631CE9781700F4EC06 /* PFAlbumsController.m in Sources */,
				B235B08C1F2B22EE00FAFB8E /* PFIndicatorView.m in Sources */,
				B27FA5021F13505F000D3DCB /* PFClipAndRotateController.m in Sources */,
				B2AAE31C1F21F17700B4F5B5 /* PFFilterTool.m in Sources */,
				B258B3E41F1CA455003C6C55 /* UICustomRecognizer.m in Sources */,
				B2AAE2E01F218FFF00B4F5B5 /* PFPaintView.m in Sources */,
				B250D7D61CE9541400F4EC06 /* AppDelegate.m in Sources */,
				ABC262B51F0E69C300F4E538 /* ShowImageCell.m in Sources */,
				B27FBF071F209E7600797904 /* PFColorCell.m in Sources */,
				B2AAE3481F21F72300B4F5B5 /* PFFilterOperation.m in Sources */,
				B265C4881F288AC0003DF480 /* PFFilterView.m in Sources */,
				B265C4911F289510003DF480 /* PFFilterCell.m in Sources */,
				B250D8751CE9B42300F4EC06 /* PFAssetsController.m in Sources */,
				B28C5B131EE0005E006D8A1D /* AssetModel.m in Sources */,
				B27FBF031F209B5000797904 /* PFColorSelectionBar.m in Sources */,
				B250D7D31CE9541400F4EC06 /* main.m in Sources */,
				B226E8C21CEF04F700C82B39 /* PFMovieController.m in Sources */,
				B2DB16191CE9BA6A0088E80A /* AssetCell.m in Sources */,
				B27FA5051F1351FE000D3DCB /* PFRotateAndClipView.m in Sources */,
				B250D8651CE9781700F4EC06 /* PFImagePickerController.m in Sources */,
				B27FA53B1F136085000D3DCB /* PFOverlay.m in Sources */,
				B230DCB51F29BCEA0003AC16 /* PFInputView.m in Sources */,
				B250D86C1CE9787E00F4EC06 /* PFImagePickerTool.m in Sources */,
			);
			runOnlyForDeploymentPostprocessing = 0;
		};
		B250D7E31CE9541400F4EC06 /* Sources */ = {
			isa = PBXSourcesBuildPhase;
			buildActionMask = 2147483647;
			files = (
				B250D7EC1CE9541400F4EC06 /* PFImagePickerControllerTests.m in Sources */,
			);
			runOnlyForDeploymentPostprocessing = 0;
		};
		B250D7EE1CE9541400F4EC06 /* Sources */ = {
			isa = PBXSourcesBuildPhase;
			buildActionMask = 2147483647;
			files = (
				B250D7F71CE9541400F4EC06 /* PFImagePickerControllerUITests.m in Sources */,
			);
			runOnlyForDeploymentPostprocessing = 0;
		};
/* End PBXSourcesBuildPhase section */

/* Begin PBXTargetDependency section */
		B250D7E91CE9541400F4EC06 /* PBXTargetDependency */ = {
			isa = PBXTargetDependency;
			target = B250D7CD1CE9541400F4EC06 /* PFImagePickerController */;
			targetProxy = B250D7E81CE9541400F4EC06 /* PBXContainerItemProxy */;
		};
		B250D7F41CE9541400F4EC06 /* PBXTargetDependency */ = {
			isa = PBXTargetDependency;
			target = B250D7CD1CE9541400F4EC06 /* PFImagePickerController */;
			targetProxy = B250D7F31CE9541400F4EC06 /* PBXContainerItemProxy */;
		};
/* End PBXTargetDependency section */

/* Begin PBXVariantGroup section */
		B250D7DA1CE9541400F4EC06 /* Main.storyboard */ = {
			isa = PBXVariantGroup;
			children = (
				B250D7DB1CE9541400F4EC06 /* Base */,
			);
			name = Main.storyboard;
			sourceTree = "<group>";
		};
		B250D7DF1CE9541400F4EC06 /* LaunchScreen.storyboard */ = {
			isa = PBXVariantGroup;
			children = (
				B250D7E01CE9541400F4EC06 /* Base */,
			);
			name = LaunchScreen.storyboard;
			sourceTree = "<group>";
		};
/* End PBXVariantGroup section */

/* Begin XCBuildConfiguration section */
		B250D7F91CE9541400F4EC06 /* Debug */ = {
			isa = XCBuildConfiguration;
			buildSettings = {
				ALWAYS_SEARCH_USER_PATHS = NO;
				CLANG_CXX_LANGUAGE_STANDARD = "gnu++0x";
				CLANG_CXX_LIBRARY = "libc++";
				CLANG_ENABLE_MODULES = YES;
				CLANG_ENABLE_OBJC_ARC = YES;
				CLANG_WARN_BOOL_CONVERSION = YES;
				CLANG_WARN_CONSTANT_CONVERSION = YES;
				CLANG_WARN_DIRECT_OBJC_ISA_USAGE = YES_ERROR;
				CLANG_WARN_EMPTY_BODY = YES;
				CLANG_WARN_ENUM_CONVERSION = YES;
				CLANG_WARN_INFINITE_RECURSION = YES;
				CLANG_WARN_INT_CONVERSION = YES;
				CLANG_WARN_OBJC_ROOT_CLASS = YES_ERROR;
				CLANG_WARN_SUSPICIOUS_MOVE = YES;
				CLANG_WARN_UNREACHABLE_CODE = YES;
				CLANG_WARN__DUPLICATE_METHOD_MATCH = YES;
				"CODE_SIGN_IDENTITY[sdk=iphoneos*]" = "iPhone Developer";
				COPY_PHASE_STRIP = NO;
				DEBUG_INFORMATION_FORMAT = dwarf;
				ENABLE_STRICT_OBJC_MSGSEND = YES;
				ENABLE_TESTABILITY = YES;
				GCC_C_LANGUAGE_STANDARD = gnu99;
				GCC_DYNAMIC_NO_PIC = NO;
				GCC_NO_COMMON_BLOCKS = YES;
				GCC_OPTIMIZATION_LEVEL = 0;
				GCC_PREPROCESSOR_DEFINITIONS = (
					"DEBUG=1",
					"$(inherited)",
				);
				GCC_WARN_64_TO_32_BIT_CONVERSION = YES;
				GCC_WARN_ABOUT_RETURN_TYPE = YES_ERROR;
				GCC_WARN_UNDECLARED_SELECTOR = YES;
				GCC_WARN_UNINITIALIZED_AUTOS = YES_AGGRESSIVE;
				GCC_WARN_UNUSED_FUNCTION = YES;
				GCC_WARN_UNUSED_VARIABLE = YES;
				IPHONEOS_DEPLOYMENT_TARGET = 9.2;
				MTL_ENABLE_DEBUG_INFO = YES;
				ONLY_ACTIVE_ARCH = YES;
				SDKROOT = iphoneos;
				TARGETED_DEVICE_FAMILY = "1,2";
			};
			name = Debug;
		};
		B250D7FA1CE9541400F4EC06 /* Release */ = {
			isa = XCBuildConfiguration;
			buildSettings = {
				ALWAYS_SEARCH_USER_PATHS = NO;
				CLANG_CXX_LANGUAGE_STANDARD = "gnu++0x";
				CLANG_CXX_LIBRARY = "libc++";
				CLANG_ENABLE_MODULES = YES;
				CLANG_ENABLE_OBJC_ARC = YES;
				CLANG_WARN_BOOL_CONVERSION = YES;
				CLANG_WARN_CONSTANT_CONVERSION = YES;
				CLANG_WARN_DIRECT_OBJC_ISA_USAGE = YES_ERROR;
				CLANG_WARN_EMPTY_BODY = YES;
				CLANG_WARN_ENUM_CONVERSION = YES;
				CLANG_WARN_INFINITE_RECURSION = YES;
				CLANG_WARN_INT_CONVERSION = YES;
				CLANG_WARN_OBJC_ROOT_CLASS = YES_ERROR;
				CLANG_WARN_SUSPICIOUS_MOVE = YES;
				CLANG_WARN_UNREACHABLE_CODE = YES;
				CLANG_WARN__DUPLICATE_METHOD_MATCH = YES;
				"CODE_SIGN_IDENTITY[sdk=iphoneos*]" = "iPhone Developer";
				COPY_PHASE_STRIP = NO;
				DEBUG_INFORMATION_FORMAT = "dwarf-with-dsym";
				ENABLE_NS_ASSERTIONS = NO;
				ENABLE_STRICT_OBJC_MSGSEND = YES;
				GCC_C_LANGUAGE_STANDARD = gnu99;
				GCC_NO_COMMON_BLOCKS = YES;
				GCC_WARN_64_TO_32_BIT_CONVERSION = YES;
				GCC_WARN_ABOUT_RETURN_TYPE = YES_ERROR;
				GCC_WARN_UNDECLARED_SELECTOR = YES;
				GCC_WARN_UNINITIALIZED_AUTOS = YES_AGGRESSIVE;
				GCC_WARN_UNUSED_FUNCTION = YES;
				GCC_WARN_UNUSED_VARIABLE = YES;
				IPHONEOS_DEPLOYMENT_TARGET = 9.2;
				MTL_ENABLE_DEBUG_INFO = NO;
				SDKROOT = iphoneos;
				TARGETED_DEVICE_FAMILY = "1,2";
				VALIDATE_PRODUCT = YES;
			};
			name = Release;
		};
		B250D7FC1CE9541400F4EC06 /* Debug */ = {
			isa = XCBuildConfiguration;
			buildSettings = {
				ASSETCATALOG_COMPILER_APPICON_NAME = AppIcon;
				INFOPLIST_FILE = PFImagePickerController/Info.plist;
				IPHONEOS_DEPLOYMENT_TARGET = 8.0;
				LD_RUNPATH_SEARCH_PATHS = "$(inherited) @executable_path/Frameworks";
				PRODUCT_BUNDLE_IDENTIFIER = gxej.PFImagePickerController;
				PRODUCT_NAME = "$(TARGET_NAME)";
				TARGETED_DEVICE_FAMILY = 1;
			};
			name = Debug;
		};
		B250D7FD1CE9541400F4EC06 /* Release */ = {
			isa = XCBuildConfiguration;
			buildSettings = {
				ASSETCATALOG_COMPILER_APPICON_NAME = AppIcon;
				INFOPLIST_FILE = PFImagePickerController/Info.plist;
				IPHONEOS_DEPLOYMENT_TARGET = 8.0;
				LD_RUNPATH_SEARCH_PATHS = "$(inherited) @executable_path/Frameworks";
				PRODUCT_BUNDLE_IDENTIFIER = gxej.PFImagePickerController;
				PRODUCT_NAME = "$(TARGET_NAME)";
				TARGETED_DEVICE_FAMILY = 1;
			};
			name = Release;
		};
		B250D7FF1CE9541400F4EC06 /* Debug */ = {
			isa = XCBuildConfiguration;
			buildSettings = {
				BUNDLE_LOADER = "$(TEST_HOST)";
				INFOPLIST_FILE = PFImagePickerControllerTests/Info.plist;
				LD_RUNPATH_SEARCH_PATHS = "$(inherited) @executable_path/Frameworks @loader_path/Frameworks";
				PRODUCT_BUNDLE_IDENTIFIER = gxej.PFImagePickerControllerTests;
				PRODUCT_NAME = "$(TARGET_NAME)";
				TEST_HOST = "$(BUILT_PRODUCTS_DIR)/PFImagePickerController.app/PFImagePickerController";
			};
			name = Debug;
		};
		B250D8001CE9541400F4EC06 /* Release */ = {
			isa = XCBuildConfiguration;
			buildSettings = {
				BUNDLE_LOADER = "$(TEST_HOST)";
				INFOPLIST_FILE = PFImagePickerControllerTests/Info.plist;
				LD_RUNPATH_SEARCH_PATHS = "$(inherited) @executable_path/Frameworks @loader_path/Frameworks";
				PRODUCT_BUNDLE_IDENTIFIER = gxej.PFImagePickerControllerTests;
				PRODUCT_NAME = "$(TARGET_NAME)";
				TEST_HOST = "$(BUILT_PRODUCTS_DIR)/PFImagePickerController.app/PFImagePickerController";
			};
			name = Release;
		};
		B250D8021CE9541400F4EC06 /* Debug */ = {
			isa = XCBuildConfiguration;
			buildSettings = {
				INFOPLIST_FILE = PFImagePickerControllerUITests/Info.plist;
				LD_RUNPATH_SEARCH_PATHS = "$(inherited) @executable_path/Frameworks @loader_path/Frameworks";
				PRODUCT_BUNDLE_IDENTIFIER = gxej.PFImagePickerControllerUITests;
				PRODUCT_NAME = "$(TARGET_NAME)";
				TEST_TARGET_NAME = PFImagePickerController;
				USES_XCTRUNNER = YES;
			};
			name = Debug;
		};
		B250D8031CE9541400F4EC06 /* Release */ = {
			isa = XCBuildConfiguration;
			buildSettings = {
				INFOPLIST_FILE = PFImagePickerControllerUITests/Info.plist;
				LD_RUNPATH_SEARCH_PATHS = "$(inherited) @executable_path/Frameworks @loader_path/Frameworks";
				PRODUCT_BUNDLE_IDENTIFIER = gxej.PFImagePickerControllerUITests;
				PRODUCT_NAME = "$(TARGET_NAME)";
				TEST_TARGET_NAME = PFImagePickerController;
				USES_XCTRUNNER = YES;
			};
			name = Release;
		};
/* End XCBuildConfiguration section */

/* Begin XCConfigurationList section */
		B250D7C91CE9541400F4EC06 /* Build configuration list for PBXProject "PFImagePickerController" */ = {
			isa = XCConfigurationList;
			buildConfigurations = (
				B250D7F91CE9541400F4EC06 /* Debug */,
				B250D7FA1CE9541400F4EC06 /* Release */,
			);
			defaultConfigurationIsVisible = 0;
			defaultConfigurationName = Release;
		};
		B250D7FB1CE9541400F4EC06 /* Build configuration list for PBXNativeTarget "PFImagePickerController" */ = {
			isa = XCConfigurationList;
			buildConfigurations = (
				B250D7FC1CE9541400F4EC06 /* Debug */,
				B250D7FD1CE9541400F4EC06 /* Release */,
			);
			defaultConfigurationIsVisible = 0;
			defaultConfigurationName = Release;
		};
		B250D7FE1CE9541400F4EC06 /* Build configuration list for PBXNativeTarget "PFImagePickerControllerTests" */ = {
			isa = XCConfigurationList;
			buildConfigurations = (
				B250D7FF1CE9541400F4EC06 /* Debug */,
				B250D8001CE9541400F4EC06 /* Release */,
			);
			defaultConfigurationIsVisible = 0;
			defaultConfigurationName = Release;
		};
		B250D8011CE9541400F4EC06 /* Build configuration list for PBXNativeTarget "PFImagePickerControllerUITests" */ = {
			isa = XCConfigurationList;
			buildConfigurations = (
				B250D8021CE9541400F4EC06 /* Debug */,
				B250D8031CE9541400F4EC06 /* Release */,
			);
			defaultConfigurationIsVisible = 0;
			defaultConfigurationName = Release;
		};
/* End XCConfigurationList section */
	};
	rootObject = B250D7C61CE9541400F4EC06 /* Project object */;
}
